
Microsoft Visual Studio Solution File, Format Version 12.00
# Visual Studio Version 17
VisualStudioVersion = 17.8.34316.72
MinimumVisualStudioVersion = 10.0.40219.1
Project("{FAE04EC0-301F-11D3-BF4B-00C04F79EFBC}") = "FullStack.API", "FullStack.API\FullStack.API.csproj", "{28272CAC-732D-488F-BD07-0A80D347CDD9}"
EndProject
Global
	GlobalSection(SolutionConfigurationPlatforms) = preSolution
		Debug|Any CPU = Debug|Any CPU
		Release|Any CPU = Release|Any CPU
	EndGlobalSection
	GlobalSection(ProjectConfigurationPlatforms) = postSolution
		{28272CAC-732D-488F-BD07-0A80D347CDD9}.Debug|Any CPU.ActiveCfg = Debug|Any CPU
		{28272CAC-732D-488F-BD07-0A80D347CDD9}.Debug|Any CPU.Build.0 = Debug|Any CPU
		{28272CAC-732D-488F-BD07-0A80D347CDD9}.Release|Any CPU.ActiveCfg = Release|Any CPU
		{28272CAC-732D-488F-BD07-0A80D347CDD9}.Release|Any CPU.Build.0 = Release|Any CPU
	EndGlobalSection
	GlobalSection(SolutionProperties) = preSolution
		HideSolutionNode = FALSE
	EndGlobalSection
	GlobalSection(ExtensibilityGlobals) = postSolution
		SolutionGuid = {88A9D96D-A1D9-4F1B-ADB6-F0200277E88F}
	EndGlobalSection
EndGlobal
